
Microsoft Visual Studio Solution File, Format Version 11.00
# Visual Studio 2010
Project("{FAE04EC0-301F-11D3-BF4B-00C04F79EFBC}") = "BlockBreaker", "BlockBreaker\BlockBreaker\BlockBreaker.csproj", "{49549456-78FA-4A70-A13C-EB287E9F5D06}"
EndProject
Project("{96E2B04D-8817-42C6-938A-82C39BA4D311}") = "BlockBreakerContent", "BlockBreaker\BlockBreakerContent\BlockBreakerContent.contentproj", "{8E845F61-60A9-407B-B01F-49CEE90994FB}"
EndProject
Global
	GlobalSection(SolutionConfigurationPlatforms) = preSolution
		Debug|Any CPU = Debug|Any CPU
		Debug|x86 = Debug|x86
		Release|Any CPU = Release|Any CPU
		Release|x86 = Release|x86
	EndGlobalSection
	GlobalSection(ProjectConfigurationPlatforms) = postSolution
		{49549456-78FA-4A70-A13C-EB287E9F5D06}.Debug|Any CPU.ActiveCfg = Debug|x86
		{49549456-78FA-4A70-A13C-EB287E9F5D06}.Debug|x86.ActiveCfg = Debug|x86
		{49549456-78FA-4A70-A13C-EB287E9F5D06}.Debug|x86.Build.0 = Debug|x86
		{49549456-78FA-4A70-A13C-EB287E9F5D06}.Release|Any CPU.ActiveCfg = Release|x86
		{49549456-78FA-4A70-A13C-EB287E9F5D06}.Release|x86.ActiveCfg = Release|x86
		{49549456-78FA-4A70-A13C-EB287E9F5D06}.Release|x86.Build.0 = Release|x86
		{8E845F61-60A9-407B-B01F-49CEE90994FB}.Debug|Any CPU.ActiveCfg = Debug|Any CPU
		{8E845F61-60A9-407B-B01F-49CEE90994FB}.Debug|x86.ActiveCfg = Debug|Any CPU
		{8E845F61-60A9-407B-B01F-49CEE90994FB}.Release|Any CPU.ActiveCfg = Debug|Any CPU
		{8E845F61-60A9-407B-B01F-49CEE90994FB}.Release|x86.ActiveCfg = Debug|Any CPU
	EndGlobalSection
	GlobalSection(SolutionProperties) = preSolution
		HideSolutionNode = FALSE
	EndGlobalSection
EndGlobal
